
Microsoft Visual Studio Solution File, Format Version 12.00
# Visual Studio 15
VisualStudioVersion = 15.0.27703.2035
MinimumVisualStudioVersion = 10.0.40219.1
Project("{FAE04EC0-301F-11D3-BF4B-00C04F79EFBC}") = "SampleASPCore", "SampleASPCore\SampleASPCore.csproj", "{4134E1D8-527D-4FCE-A2AF-CC314BF4EEB0}"
EndProject
Global
	GlobalSection(SolutionConfigurationPlatforms) = preSolution
		Debug|Any CPU = Debug|Any CPU
		Release|Any CPU = Release|Any CPU
	EndGlobalSection
	GlobalSection(ProjectConfigurationPlatforms) = postSolution
		{4134E1D8-527D-4FCE-A2AF-CC314BF4EEB0}.Debug|Any CPU.ActiveCfg = Debug|Any CPU
		{4134E1D8-527D-4FCE-A2AF-CC314BF4EEB0}.Debug|Any CPU.Build.0 = Debug|Any CPU
		{4134E1D8-527D-4FCE-A2AF-CC314BF4EEB0}.Release|Any CPU.ActiveCfg = Release|Any CPU
		{4134E1D8-527D-4FCE-A2AF-CC314BF4EEB0}.Release|Any CPU.Build.0 = Release|Any CPU
	EndGlobalSection
	GlobalSection(SolutionProperties) = preSolution
		HideSolutionNode = FALSE
	EndGlobalSection
	GlobalSection(ExtensibilityGlobals) = postSolution
		SolutionGuid = {864FCE86-0F66-4165-AC7F-3EB9BD5C87B8}
	EndGlobalSection
EndGlobal
